
Microsoft Visual Studio Solution File, Format Version 12.00
# Visual Studio Version 17
VisualStudioVersion = 17.4.33103.184
MinimumVisualStudioVersion = 10.0.40219.1
Project("{FAE04EC0-301F-11D3-BF4B-00C04F79EFBC}") = "TestTask.Logic", "TestTask.Logic\TestTask.Logic.csproj", "{FBFF5245-77B1-4F95-9860-D167612C547B}"
EndProject
Project("{FAE04EC0-301F-11D3-BF4B-00C04F79EFBC}") = "TestTasl.ConsoleApp", "TestTasl.ConsoleApp\TestTasl.ConsoleApp.csproj", "{00F7A6A6-B30E-46A1-88E3-71A10EE72D0F}"
EndProject
Project("{FAE04EC0-301F-11D3-BF4B-00C04F79EFBC}") = "TestTask.Tests", "TestTask.Tests\TestTask.Tests.csproj", "{7F006BE4-C52D-41BB-8F62-68CD1CA2A52A}"
EndProject
Global
	GlobalSection(SolutionConfigurationPlatforms) = preSolution
		Debug|Any CPU = Debug|Any CPU
		Release|Any CPU = Release|Any CPU
	EndGlobalSection
	GlobalSection(ProjectConfigurationPlatforms) = postSolution
		{FBFF5245-77B1-4F95-9860-D167612C547B}.Debug|Any CPU.ActiveCfg = Debug|Any CPU
		{FBFF5245-77B1-4F95-9860-D167612C547B}.Debug|Any CPU.Build.0 = Debug|Any CPU
		{FBFF5245-77B1-4F95-9860-D167612C547B}.Release|Any CPU.ActiveCfg = Release|Any CPU
		{FBFF5245-77B1-4F95-9860-D167612C547B}.Release|Any CPU.Build.0 = Release|Any CPU
		{00F7A6A6-B30E-46A1-88E3-71A10EE72D0F}.Debug|Any CPU.ActiveCfg = Debug|Any CPU
		{00F7A6A6-B30E-46A1-88E3-71A10EE72D0F}.Debug|Any CPU.Build.0 = Debug|Any CPU
		{00F7A6A6-B30E-46A1-88E3-71A10EE72D0F}.Release|Any CPU.ActiveCfg = Release|Any CPU
		{00F7A6A6-B30E-46A1-88E3-71A10EE72D0F}.Release|Any CPU.Build.0 = Release|Any CPU
		{7F006BE4-C52D-41BB-8F62-68CD1CA2A52A}.Debug|Any CPU.ActiveCfg = Debug|Any CPU
		{7F006BE4-C52D-41BB-8F62-68CD1CA2A52A}.Debug|Any CPU.Build.0 = Debug|Any CPU
		{7F006BE4-C52D-41BB-8F62-68CD1CA2A52A}.Release|Any CPU.ActiveCfg = Release|Any CPU
		{7F006BE4-C52D-41BB-8F62-68CD1CA2A52A}.Release|Any CPU.Build.0 = Release|Any CPU
	EndGlobalSection
	GlobalSection(SolutionProperties) = preSolution
		HideSolutionNode = FALSE
	EndGlobalSection
	GlobalSection(ExtensibilityGlobals) = postSolution
		SolutionGuid = {6ADF37E7-6A6B-4458-AA6F-49457D053B1E}
	EndGlobalSection
EndGlobal
